{
  "version": 4,
  "terraform_version": "1.12.2",
  "serial": 34,
  "lineage": "31ed52a2-c180-ba30-3c23-363bf2bf2678",
  "outputs": {
    "api_gateway_url": {
      "value": "https://dwg7ep529i.execute-api.eu-west-1.amazonaws.com/prod",
      "type": "string"
    },
    "s3_website_url": {
      "value": "http://fil-rouge-samad-bucket-v2-20250122.s3-website-eu-west-1.amazonaws.com",
      "type": "string"
    }
  },
  "resources": [
    {
      "mode": "data",
      "type": "archive_file",
      "name": "lambda_zip",
      "provider": "provider[\"registry.terraform.io/hashicorp/archive\"]",
      "instances": [
        {
          "schema_version": 0,
          "attributes": {
            "exclude_symlink_directories": null,
            "excludes": null,
            "id": "1a1ceddd588b68eb5475b54d1d673f775e19112c",
            "output_base64sha256": "t5v2AQp7EGx/pyGbsemj9y3ecj3WPZKiKtSvXkHUwEw=",
            "output_base64sha512": "PVTaJ2vW61sTmSA2fZsZX+vqbfDjF6GU3FLr5CIDw+oULcRHUB/MwxT7v4ouSBraQFAR4S2bMJaVAS/U52Hzlg==",
            "output_file_mode": null,
            "output_md5": "15ce29de8c9e703f82b0e5cd0648609d",
            "output_path": "./lambda_function.zip",
            "output_sha": "1a1ceddd588b68eb5475b54d1d673f775e19112c",
            "output_sha256": "b79bf6010a7b106c7fa7219bb1e9a3f72dde723dd63d92a22ad4af5e41d4c04c",
            "output_sha512": "3d54da276bd6eb5b139920367d9b195febea6df0e317a194dc52ebe42203c3ea142dc447501fccc314fbbf8a2e481ada405011e12d9b309695012fd4e761f396",
            "output_size": 1117,
            "source": [],
            "source_content": null,
            "source_content_filename": null,
            "source_dir": null,
            "source_file": "./lambda_function.js",
            "type": "zip"
          },
          "sensitive_attributes": [],
          "identity_schema_version": 0
        }
      ]
    },
    {
      "mode": "managed",
      "type": "aws_api_gateway_deployment",
      "name": "tasks_api_deployment",
      "provider": "provider[\"registry.terraform.io/hashicorp/aws\"]",
      "instances": [
        {
          "schema_version": 0,
          "attributes": {
            "created_date": "2025-07-30T20:42:35Z",
            "description": "",
            "id": "dne10x",
            "region": "eu-west-1",
            "rest_api_id": "dwg7ep529i",
            "triggers": {
              "redeployment": "4f5749f60815c4d867db97abe8d0f4cfc37d240b"
            },
            "variables": null
          },
          "sensitive_attributes": [],
          "identity_schema_version": 0,
          "private": "bnVsbA==",
          "dependencies": [
            "aws_api_gateway_integration.delete_task_integration",
            "aws_api_gateway_integration.get_tasks_integration",
            "aws_api_gateway_integration.options_task_id_integration",
            "aws_api_gateway_integration.options_tasks_integration",
            "aws_api_gateway_integration.post_tasks_integration",
            "aws_api_gateway_method.delete_task",
            "aws_api_gateway_method.get_tasks",
            "aws_api_gateway_method.options_task_id",
            "aws_api_gateway_method.options_tasks",
            "aws_api_gateway_method.post_tasks",
            "aws_api_gateway_resource.task_id_resource",
            "aws_api_gateway_resource.tasks_resource",
            "aws_api_gateway_rest_api.tasks_api",
            "aws_dynamodb_table.tasks_table",
            "aws_iam_role.lambda_role",
            "aws_lambda_function.tasks_api",
            "data.archive_file.lambda_zip"
          ],
          "create_before_destroy": true
        }
      ]
    },
    {
      "mode": "managed",
      "type": "aws_api_gateway_integration",
      "name": "delete_task_integration",
      "provider": "provider[\"registry.terraform.io/hashicorp/aws\"]",
      "instances": [
        {
          "schema_version": 0,
          "attributes": {
            "cache_key_parameters": [],
            "cache_namespace": "mvqm97",
            "connection_id": "",
            "connection_type": "INTERNET",
            "content_handling": "",
            "credentials": "",
            "http_method": "DELETE",
            "id": "agi-dwg7ep529i-mvqm97-DELETE",
            "integration_http_method": "POST",
            "passthrough_behavior": "WHEN_NO_MATCH",
            "region": "eu-west-1",
            "request_parameters": {},
            "request_templates": {},
            "resource_id": "mvqm97",
            "rest_api_id": "dwg7ep529i",
            "timeout_milliseconds": 29000,
            "tls_config": [],
            "type": "AWS_PROXY",
            "uri": "arn:aws:apigateway:eu-west-1:lambda:path/2015-03-31/functions/arn:aws:lambda:eu-west-1:863518443204:function:tasks-api/invocations"
          },
          "sensitive_attributes": [],
          "identity_schema_version": 0,
          "private": "bnVsbA==",
          "dependencies": [
            "aws_api_gateway_method.delete_task",
            "aws_api_gateway_resource.task_id_resource",
            "aws_api_gateway_resource.tasks_resource",
            "aws_api_gateway_rest_api.tasks_api",
            "aws_dynamodb_table.tasks_table",
            "aws_iam_role.lambda_role",
            "aws_lambda_function.tasks_api",
            "data.archive_file.lambda_zip"
          ],
          "create_before_destroy": true
        }
      ]
    },
    {
      "mode": "managed",
      "type": "aws_api_gateway_integration",
      "name": "get_tasks_integration",
      "provider": "provider[\"registry.terraform.io/hashicorp/aws\"]",
      "instances": [
        {
          "schema_version": 0,
          "attributes": {
            "cache_key_parameters": [],
            "cache_namespace": "rgm1rn",
            "connection_id": "",
            "connection_type": "INTERNET",
            "content_handling": "",
            "credentials": "",
            "http_method": "GET",
            "id": "agi-dwg7ep529i-rgm1rn-GET",
            "integration_http_method": "POST",
            "passthrough_behavior": "WHEN_NO_MATCH",
            "region": "eu-west-1",
            "request_parameters": {},
            "request_templates": {},
            "resource_id": "rgm1rn",
            "rest_api_id": "dwg7ep529i",
            "timeout_milliseconds": 29000,
            "tls_config": [],
            "type": "AWS_PROXY",
            "uri": "arn:aws:apigateway:eu-west-1:lambda:path/2015-03-31/functions/arn:aws:lambda:eu-west-1:863518443204:function:tasks-api/invocations"
          },
          "sensitive_attributes": [],
          "identity_schema_version": 0,
          "private": "bnVsbA==",
          "dependencies": [
            "aws_api_gateway_method.get_tasks",
            "aws_api_gateway_resource.tasks_resource",
            "aws_api_gateway_rest_api.tasks_api",
            "aws_dynamodb_table.tasks_table",
            "aws_iam_role.lambda_role",
            "aws_lambda_function.tasks_api",
            "data.archive_file.lambda_zip"
          ],
          "create_before_destroy": true
        }
      ]
    },
    {
      "mode": "managed",
      "type": "aws_api_gateway_integration",
      "name": "options_task_id_integration",
      "provider": "provider[\"registry.terraform.io/hashicorp/aws\"]",
      "instances": [
        {
          "schema_version": 0,
          "attributes": {
            "cache_key_parameters": [],
            "cache_namespace": "mvqm97",
            "connection_id": "",
            "connection_type": "INTERNET",
            "content_handling": "",
            "credentials": "",
            "http_method": "OPTIONS",
            "id": "agi-dwg7ep529i-mvqm97-OPTIONS",
            "integration_http_method": "POST",
            "passthrough_behavior": "WHEN_NO_MATCH",
            "region": "eu-west-1",
            "request_parameters": {},
            "request_templates": {},
            "resource_id": "mvqm97",
            "rest_api_id": "dwg7ep529i",
            "timeout_milliseconds": 29000,
            "tls_config": [],
            "type": "AWS_PROXY",
            "uri": "arn:aws:apigateway:eu-west-1:lambda:path/2015-03-31/functions/arn:aws:lambda:eu-west-1:863518443204:function:tasks-api/invocations"
          },
          "sensitive_attributes": [],
          "identity_schema_version": 0,
          "private": "bnVsbA==",
          "dependencies": [
            "aws_api_gateway_method.options_task_id",
            "aws_api_gateway_resource.task_id_resource",
            "aws_api_gateway_resource.tasks_resource",
            "aws_api_gateway_rest_api.tasks_api",
            "aws_dynamodb_table.tasks_table",
            "aws_iam_role.lambda_role",
            "aws_lambda_function.tasks_api",
            "data.archive_file.lambda_zip"
          ],
          "create_before_destroy": true
        }
      ]
    },
    {
      "mode": "managed",
      "type": "aws_api_gateway_integration",
      "name": "options_tasks_integration",
      "provider": "provider[\"registry.terraform.io/hashicorp/aws\"]",
      "instances": [
        {
          "schema_version": 0,
          "attributes": {
            "cache_key_parameters": [],
            "cache_namespace": "rgm1rn",
            "connection_id": "",
            "connection_type": "INTERNET",
            "content_handling": "",
            "credentials": "",
            "http_method": "OPTIONS",
            "id": "agi-dwg7ep529i-rgm1rn-OPTIONS",
            "integration_http_method": "POST",
            "passthrough_behavior": "WHEN_NO_MATCH",
            "region": "eu-west-1",
            "request_parameters": {},
            "request_templates": {},
            "resource_id": "rgm1rn",
            "rest_api_id": "dwg7ep529i",
            "timeout_milliseconds": 29000,
            "tls_config": [],
            "type": "AWS_PROXY",
            "uri": "arn:aws:apigateway:eu-west-1:lambda:path/2015-03-31/functions/arn:aws:lambda:eu-west-1:863518443204:function:tasks-api/invocations"
          },
          "sensitive_attributes": [],
          "identity_schema_version": 0,
          "private": "bnVsbA==",
          "dependencies": [
            "aws_api_gateway_method.options_tasks",
            "aws_api_gateway_resource.tasks_resource",
            "aws_api_gateway_rest_api.tasks_api",
            "aws_dynamodb_table.tasks_table",
            "aws_iam_role.lambda_role",
            "aws_lambda_function.tasks_api",
            "data.archive_file.lambda_zip"
          ],
          "create_before_destroy": true
        }
      ]
    },
    {
      "mode": "managed",
      "type": "aws_api_gateway_integration",
      "name": "post_tasks_integration",
      "provider": "provider[\"registry.terraform.io/hashicorp/aws\"]",
      "instances": [
        {
          "schema_version": 0,
          "attributes": {
            "cache_key_parameters": [],
            "cache_namespace": "rgm1rn",
            "connection_id": "",
            "connection_type": "INTERNET",
            "content_handling": "",
            "credentials": "",
            "http_method": "POST",
            "id": "agi-dwg7ep529i-rgm1rn-POST",
            "integration_http_method": "POST",
            "passthrough_behavior": "WHEN_NO_MATCH",
            "region": "eu-west-1",
            "request_parameters": {},
            "request_templates": {},
            "resource_id": "rgm1rn",
            "rest_api_id": "dwg7ep529i",
            "timeout_milliseconds": 29000,
            "tls_config": [],
            "type": "AWS_PROXY",
            "uri": "arn:aws:apigateway:eu-west-1:lambda:path/2015-03-31/functions/arn:aws:lambda:eu-west-1:863518443204:function:tasks-api/invocations"
          },
          "sensitive_attributes": [],
          "identity_schema_version": 0,
          "private": "bnVsbA==",
          "dependencies": [
            "aws_api_gateway_method.post_tasks",
            "aws_api_gateway_resource.tasks_resource",
            "aws_api_gateway_rest_api.tasks_api",
            "aws_dynamodb_table.tasks_table",
            "aws_iam_role.lambda_role",
            "aws_lambda_function.tasks_api",
            "data.archive_file.lambda_zip"
          ],
          "create_before_destroy": true
        }
      ]
    },
    {
      "mode": "managed",
      "type": "aws_api_gateway_method",
      "name": "delete_task",
      "provider": "provider[\"registry.terraform.io/hashicorp/aws\"]",
      "instances": [
        {
          "schema_version": 0,
          "attributes": {
            "api_key_required": false,
            "authorization": "NONE",
            "authorization_scopes": [],
            "authorizer_id": "",
            "http_method": "DELETE",
            "id": "agm-dwg7ep529i-mvqm97-DELETE",
            "operation_name": "",
            "region": "eu-west-1",
            "request_models": {},
            "request_parameters": {},
            "request_validator_id": "",
            "resource_id": "mvqm97",
            "rest_api_id": "dwg7ep529i"
          },
          "sensitive_attributes": [],
          "identity_schema_version": 0,
          "private": "bnVsbA==",
          "dependencies": [
            "aws_api_gateway_resource.task_id_resource",
            "aws_api_gateway_resource.tasks_resource",
            "aws_api_gateway_rest_api.tasks_api"
          ],
          "create_before_destroy": true
        }
      ]
    },
    {
      "mode": "managed",
      "type": "aws_api_gateway_method",
      "name": "get_tasks",
      "provider": "provider[\"registry.terraform.io/hashicorp/aws\"]",
      "instances": [
        {
          "schema_version": 0,
          "attributes": {
            "api_key_required": false,
            "authorization": "NONE",
            "authorization_scopes": [],
            "authorizer_id": "",
            "http_method": "GET",
            "id": "agm-dwg7ep529i-rgm1rn-GET",
            "operation_name": "",
            "region": "eu-west-1",
            "request_models": {},
            "request_parameters": {},
            "request_validator_id": "",
            "resource_id": "rgm1rn",
            "rest_api_id": "dwg7ep529i"
          },
          "sensitive_attributes": [],
          "identity_schema_version": 0,
          "private": "bnVsbA==",
          "dependencies": [
            "aws_api_gateway_resource.tasks_resource",
            "aws_api_gateway_rest_api.tasks_api"
          ],
          "create_before_destroy": true
        }
      ]
    },
    {
      "mode": "managed",
      "type": "aws_api_gateway_method",
      "name": "options_task_id",
      "provider": "provider[\"registry.terraform.io/hashicorp/aws\"]",
      "instances": [
        {
          "schema_version": 0,
          "attributes": {
            "api_key_required": false,
            "authorization": "NONE",
            "authorization_scopes": [],
            "authorizer_id": "",
            "http_method": "OPTIONS",
            "id": "agm-dwg7ep529i-mvqm97-OPTIONS",
            "operation_name": "",
            "region": "eu-west-1",
            "request_models": {},
            "request_parameters": {},
            "request_validator_id": "",
            "resource_id": "mvqm97",
            "rest_api_id": "dwg7ep529i"
          },
          "sensitive_attributes": [],
          "identity_schema_version": 0,
          "private": "bnVsbA==",
          "dependencies": [
            "aws_api_gateway_resource.task_id_resource",
            "aws_api_gateway_resource.tasks_resource",
            "aws_api_gateway_rest_api.tasks_api"
          ],
          "create_before_destroy": true
        }
      ]
    },
    {
      "mode": "managed",
      "type": "aws_api_gateway_method",
      "name": "options_tasks",
      "provider": "provider[\"registry.terraform.io/hashicorp/aws\"]",
      "instances": [
        {
          "schema_version": 0,
          "attributes": {
            "api_key_required": false,
            "authorization": "NONE",
            "authorization_scopes": [],
            "authorizer_id": "",
            "http_method": "OPTIONS",
            "id": "agm-dwg7ep529i-rgm1rn-OPTIONS",
            "operation_name": "",
            "region": "eu-west-1",
            "request_models": {},
            "request_parameters": {},
            "request_validator_id": "",
            "resource_id": "rgm1rn",
            "rest_api_id": "dwg7ep529i"
          },
          "sensitive_attributes": [],
          "identity_schema_version": 0,
          "private": "bnVsbA==",
          "dependencies": [
            "aws_api_gateway_resource.tasks_resource",
            "aws_api_gateway_rest_api.tasks_api"
          ],
          "create_before_destroy": true
        }
      ]
    },
    {
      "mode": "managed",
      "type": "aws_api_gateway_method",
      "name": "post_tasks",
      "provider": "provider[\"registry.terraform.io/hashicorp/aws\"]",
      "instances": [
        {
          "schema_version": 0,
          "attributes": {
            "api_key_required": false,
            "authorization": "NONE",
            "authorization_scopes": [],
            "authorizer_id": "",
            "http_method": "POST",
            "id": "agm-dwg7ep529i-rgm1rn-POST",
            "operation_name": "",
            "region": "eu-west-1",
            "request_models": {},
            "request_parameters": {},
            "request_validator_id": "",
            "resource_id": "rgm1rn",
            "rest_api_id": "dwg7ep529i"
          },
          "sensitive_attributes": [],
          "identity_schema_version": 0,
          "private": "bnVsbA==",
          "dependencies": [
            "aws_api_gateway_resource.tasks_resource",
            "aws_api_gateway_rest_api.tasks_api"
          ],
          "create_before_destroy": true
        }
      ]
    },
    {
      "mode": "managed",
      "type": "aws_api_gateway_resource",
      "name": "task_id_resource",
      "provider": "provider[\"registry.terraform.io/hashicorp/aws\"]",
      "instances": [
        {
          "schema_version": 0,
          "attributes": {
            "id": "mvqm97",
            "parent_id": "rgm1rn",
            "path": "/tasks/{id}",
            "path_part": "{id}",
            "region": "eu-west-1",
            "rest_api_id": "dwg7ep529i"
          },
          "sensitive_attributes": [],
          "identity_schema_version": 0,
          "private": "bnVsbA==",
          "dependencies": [
            "aws_api_gateway_resource.tasks_resource",
            "aws_api_gateway_rest_api.tasks_api"
          ],
          "create_before_destroy": true
        }
      ]
    },
    {
      "mode": "managed",
      "type": "aws_api_gateway_resource",
      "name": "tasks_resource",
      "provider": "provider[\"registry.terraform.io/hashicorp/aws\"]",
      "instances": [
        {
          "schema_version": 0,
          "attributes": {
            "id": "rgm1rn",
            "parent_id": "kzo5djs9z0",
            "path": "/tasks",
            "path_part": "tasks",
            "region": "eu-west-1",
            "rest_api_id": "dwg7ep529i"
          },
          "sensitive_attributes": [],
          "identity_schema_version": 0,
          "private": "bnVsbA==",
          "dependencies": [
            "aws_api_gateway_rest_api.tasks_api"
          ],
          "create_before_destroy": true
        }
      ]
    },
    {
      "mode": "managed",
      "type": "aws_api_gateway_rest_api",
      "name": "tasks_api",
      "provider": "provider[\"registry.terraform.io/hashicorp/aws\"]",
      "instances": [
        {
          "schema_version": 0,
          "attributes": {
            "api_key_source": "HEADER",
            "arn": "arn:aws:apigateway:eu-west-1::/restapis/dwg7ep529i",
            "binary_media_types": [],
            "body": null,
            "created_date": "2025-07-30T20:36:50Z",
            "description": "API pour les tâches",
            "disable_execute_api_endpoint": false,
            "endpoint_configuration": [
              {
                "ip_address_type": "ipv4",
                "types": [
                  "REGIONAL"
                ],
                "vpc_endpoint_ids": []
              }
            ],
            "execution_arn": "arn:aws:execute-api:eu-west-1:863518443204:dwg7ep529i",
            "fail_on_warnings": null,
            "id": "dwg7ep529i",
            "minimum_compression_size": "",
            "name": "tasks-api",
            "parameters": null,
            "policy": "",
            "put_rest_api_mode": null,
            "region": "eu-west-1",
            "root_resource_id": "kzo5djs9z0",
            "tags": {},
            "tags_all": {}
          },
          "sensitive_attributes": [],
          "identity_schema_version": 0,
          "private": "bnVsbA==",
          "create_before_destroy": true
        }
      ]
    },
    {
      "mode": "managed",
      "type": "aws_api_gateway_stage",
      "name": "prod",
      "provider": "provider[\"registry.terraform.io/hashicorp/aws\"]",
      "instances": [
        {
          "schema_version": 0,
          "attributes": {
            "access_log_settings": [],
            "arn": "arn:aws:apigateway:eu-west-1::/restapis/dwg7ep529i/stages/prod",
            "cache_cluster_enabled": false,
            "cache_cluster_size": "",
            "canary_settings": [],
            "client_certificate_id": "",
            "deployment_id": "dne10x",
            "description": "",
            "documentation_version": "",
            "execution_arn": "arn:aws:execute-api:eu-west-1:863518443204:dwg7ep529i/prod",
            "id": "ags-dwg7ep529i-prod",
            "invoke_url": "https://dwg7ep529i.execute-api.eu-west-1.amazonaws.com/prod",
            "region": "eu-west-1",
            "rest_api_id": "dwg7ep529i",
            "stage_name": "prod",
            "tags": {
              "Environment": "dev",
              "Project": "fil-rouge"
            },
            "tags_all": {
              "Environment": "dev",
              "Project": "fil-rouge"
            },
            "variables": {},
            "web_acl_arn": "",
            "xray_tracing_enabled": false
          },
          "sensitive_attributes": [],
          "identity_schema_version": 0,
          "private": "bnVsbA==",
          "dependencies": [
            "aws_api_gateway_deployment.tasks_api_deployment",
            "aws_api_gateway_integration.delete_task_integration",
            "aws_api_gateway_integration.get_tasks_integration",
            "aws_api_gateway_integration.options_task_id_integration",
            "aws_api_gateway_integration.options_tasks_integration",
            "aws_api_gateway_integration.post_tasks_integration",
            "aws_api_gateway_method.delete_task",
            "aws_api_gateway_method.get_tasks",
            "aws_api_gateway_method.options_task_id",
            "aws_api_gateway_method.options_tasks",
            "aws_api_gateway_method.post_tasks",
            "aws_api_gateway_resource.task_id_resource",
            "aws_api_gateway_resource.tasks_resource",
            "aws_api_gateway_rest_api.tasks_api",
            "aws_dynamodb_table.tasks_table",
            "aws_iam_role.lambda_role",
            "aws_lambda_function.tasks_api",
            "data.archive_file.lambda_zip"
          ]
        }
      ]
    },
    {
      "mode": "managed",
      "type": "aws_dynamodb_table",
      "name": "tasks_table",
      "provider": "provider[\"registry.terraform.io/hashicorp/aws\"]",
      "instances": [
        {
          "schema_version": 1,
          "attributes": {
            "arn": "arn:aws:dynamodb:eu-west-1:863518443204:table/TasksTable-v2",
            "attribute": [
              {
                "name": "id",
                "type": "S"
              }
            ],
            "billing_mode": "PAY_PER_REQUEST",
            "deletion_protection_enabled": false,
            "global_secondary_index": [],
            "hash_key": "id",
            "id": "TasksTable-v2",
            "import_table": [],
            "local_secondary_index": [],
            "name": "TasksTable-v2",
            "on_demand_throughput": [],
            "point_in_time_recovery": [
              {
                "enabled": false,
                "recovery_period_in_days": 0
              }
            ],
            "range_key": null,
            "read_capacity": 0,
            "region": "eu-west-1",
            "replica": [],
            "restore_date_time": null,
            "restore_source_name": null,
            "restore_source_table_arn": null,
            "restore_to_latest_time": null,
            "server_side_encryption": [],
            "stream_arn": "",
            "stream_enabled": false,
            "stream_label": "",
            "stream_view_type": "",
            "table_class": "STANDARD",
            "tags": {
              "Environment": "dev",
              "Project": "fil-rouge"
            },
            "tags_all": {
              "Environment": "dev",
              "Project": "fil-rouge"
            },
            "timeouts": null,
            "ttl": [
              {
                "attribute_name": "",
                "enabled": false
              }
            ],
            "write_capacity": 0
          },
          "sensitive_attributes": [],
          "identity_schema_version": 0,
          "private": "eyJlMmJmYjczMC1lY2FhLTExZTYtOGY4OC0zNDM2M2JjN2M0YzAiOnsiY3JlYXRlIjoxODAwMDAwMDAwMDAwLCJkZWxldGUiOjYwMDAwMDAwMDAwMCwidXBkYXRlIjozNjAwMDAwMDAwMDAwfSwic2NoZW1hX3ZlcnNpb24iOiIxIn0=",
          "create_before_destroy": true
        }
      ]
    },
    {
      "mode": "managed",
      "type": "aws_iam_role",
      "name": "lambda_role",
      "provider": "provider[\"registry.terraform.io/hashicorp/aws\"]",
      "instances": [
        {
          "schema_version": 0,
          "attributes": {
            "arn": "arn:aws:iam::863518443204:role/tasks-lambda-role",
            "assume_role_policy": "{\"Statement\":[{\"Action\":\"sts:AssumeRole\",\"Effect\":\"Allow\",\"Principal\":{\"Service\":\"lambda.amazonaws.com\"}}],\"Version\":\"2012-10-17\"}",
            "create_date": "2025-07-30T20:36:50Z",
            "description": "",
            "force_detach_policies": false,
            "id": "tasks-lambda-role",
            "inline_policy": [
              {
                "name": "tasks-lambda-policy",
                "policy": "{\"Version\":\"2012-10-17\",\"Statement\":[{\"Action\":[\"logs:CreateLogGroup\",\"logs:CreateLogStream\",\"logs:PutLogEvents\"],\"Effect\":\"Allow\",\"Resource\":\"arn:aws:logs:*:*:*\"},{\"Action\":[\"dynamodb:GetItem\",\"dynamodb:PutItem\",\"dynamodb:DeleteItem\",\"dynamodb:Scan\"],\"Effect\":\"Allow\",\"Resource\":\"arn:aws:dynamodb:eu-west-1:863518443204:table/TasksTable-v2\"}]}"
              }
            ],
            "managed_policy_arns": [],
            "max_session_duration": 3600,
            "name": "tasks-lambda-role",
            "name_prefix": "",
            "path": "/",
            "permissions_boundary": "",
            "tags": {},
            "tags_all": {},
            "unique_id": "AROA4SDNVY3CBF5RRHGRW"
          },
          "sensitive_attributes": [],
          "identity_schema_version": 0,
          "identity": {
            "account_id": "863518443204",
            "name": "tasks-lambda-role"
          },
          "private": "bnVsbA==",
          "create_before_destroy": true
        }
      ]
    },
    {
      "mode": "managed",
      "type": "aws_iam_role_policy",
      "name": "lambda_policy",
      "provider": "provider[\"registry.terraform.io/hashicorp/aws\"]",
      "instances": [
        {
          "schema_version": 0,
          "attributes": {
            "id": "tasks-lambda-role:tasks-lambda-policy",
            "name": "tasks-lambda-policy",
            "name_prefix": "",
            "policy": "{\"Version\":\"2012-10-17\",\"Statement\":[{\"Action\":[\"logs:CreateLogGroup\",\"logs:CreateLogStream\",\"logs:PutLogEvents\"],\"Effect\":\"Allow\",\"Resource\":\"arn:aws:logs:*:*:*\"},{\"Action\":[\"dynamodb:GetItem\",\"dynamodb:PutItem\",\"dynamodb:DeleteItem\",\"dynamodb:Scan\"],\"Effect\":\"Allow\",\"Resource\":\"arn:aws:dynamodb:eu-west-1:863518443204:table/TasksTable-v2\"}]}",
            "role": "tasks-lambda-role"
          },
          "sensitive_attributes": [],
          "identity_schema_version": 0,
          "identity": {
            "account_id": "863518443204",
            "name": "tasks-lambda-policy",
            "role": "tasks-lambda-role"
          },
          "private": "bnVsbA==",
          "dependencies": [
            "aws_dynamodb_table.tasks_table",
            "aws_iam_role.lambda_role"
          ]
        }
      ]
    },
    {
      "mode": "managed",
      "type": "aws_lambda_function",
      "name": "tasks_api",
      "provider": "provider[\"registry.terraform.io/hashicorp/aws\"]",
      "instances": [
        {
          "schema_version": 0,
          "attributes": {
            "architectures": [
              "x86_64"
            ],
            "arn": "arn:aws:lambda:eu-west-1:863518443204:function:tasks-api",
            "code_sha256": "t5v2AQp7EGx/pyGbsemj9y3ecj3WPZKiKtSvXkHUwEw=",
            "code_signing_config_arn": "",
            "dead_letter_config": [],
            "description": "",
            "environment": [
              {
                "variables": {
                  "TABLE_NAME": "TasksTable-v2"
                }
              }
            ],
            "ephemeral_storage": [
              {
                "size": 512
              }
            ],
            "file_system_config": [],
            "filename": "./lambda_function.zip",
            "function_name": "tasks-api",
            "handler": "lambda_function.handler",
            "id": "tasks-api",
            "image_config": [],
            "image_uri": "",
            "invoke_arn": "arn:aws:apigateway:eu-west-1:lambda:path/2015-03-31/functions/arn:aws:lambda:eu-west-1:863518443204:function:tasks-api/invocations",
            "kms_key_arn": "",
            "last_modified": "2025-07-30T21:30:31.000+0000",
            "layers": [],
            "logging_config": [
              {
                "application_log_level": "",
                "log_format": "Text",
                "log_group": "/aws/lambda/tasks-api",
                "system_log_level": ""
              }
            ],
            "memory_size": 128,
            "package_type": "Zip",
            "publish": false,
            "qualified_arn": "arn:aws:lambda:eu-west-1:863518443204:function:tasks-api:$LATEST",
            "qualified_invoke_arn": "arn:aws:apigateway:eu-west-1:lambda:path/2015-03-31/functions/arn:aws:lambda:eu-west-1:863518443204:function:tasks-api:$LATEST/invocations",
            "region": "eu-west-1",
            "replace_security_groups_on_destroy": null,
            "replacement_security_group_ids": null,
            "reserved_concurrent_executions": -1,
            "role": "arn:aws:iam::863518443204:role/tasks-lambda-role",
            "runtime": "nodejs18.x",
            "s3_bucket": null,
            "s3_key": null,
            "s3_object_version": null,
            "signing_job_arn": "",
            "signing_profile_version_arn": "",
            "skip_destroy": false,
            "snap_start": [],
            "source_code_hash": "t5v2AQp7EGx/pyGbsemj9y3ecj3WPZKiKtSvXkHUwEw=",
            "source_code_size": 1117,
            "tags": {
              "Environment": "dev",
              "Project": "fil-rouge"
            },
            "tags_all": {
              "Environment": "dev",
              "Project": "fil-rouge"
            },
            "timeout": 3,
            "timeouts": null,
            "tracing_config": [
              {
                "mode": "PassThrough"
              }
            ],
            "version": "$LATEST",
            "vpc_config": []
          },
          "sensitive_attributes": [],
          "identity_schema_version": 0,
          "private": "eyJlMmJmYjczMC1lY2FhLTExZTYtOGY4OC0zNDM2M2JjN2M0YzAiOnsiY3JlYXRlIjo2MDAwMDAwMDAwMDAsImRlbGV0ZSI6NjAwMDAwMDAwMDAwLCJ1cGRhdGUiOjYwMDAwMDAwMDAwMH19",
          "dependencies": [
            "aws_dynamodb_table.tasks_table",
            "aws_iam_role.lambda_role",
            "data.archive_file.lambda_zip"
          ],
          "create_before_destroy": true
        }
      ]
    },
    {
      "mode": "managed",
      "type": "aws_lambda_permission",
      "name": "api_gateway_lambda",
      "provider": "provider[\"registry.terraform.io/hashicorp/aws\"]",
      "instances": [
        {
          "schema_version": 0,
          "attributes": {
            "action": "lambda:InvokeFunction",
            "event_source_token": null,
            "function_name": "tasks-api",
            "function_url_auth_type": null,
            "id": "AllowExecutionFromAPIGateway",
            "principal": "apigateway.amazonaws.com",
            "principal_org_id": null,
            "qualifier": "",
            "region": "eu-west-1",
            "source_account": null,
            "source_arn": "arn:aws:execute-api:eu-west-1:863518443204:dwg7ep529i/*/*",
            "statement_id": "AllowExecutionFromAPIGateway",
            "statement_id_prefix": ""
          },
          "sensitive_attributes": [],
          "identity_schema_version": 0,
          "private": "bnVsbA==",
          "dependencies": [
            "aws_api_gateway_rest_api.tasks_api",
            "aws_dynamodb_table.tasks_table",
            "aws_iam_role.lambda_role",
            "aws_lambda_function.tasks_api",
            "data.archive_file.lambda_zip"
          ]
        }
      ]
    },
    {
      "mode": "managed",
      "type": "aws_s3_bucket",
      "name": "fil_rouge_bucket",
      "provider": "provider[\"registry.terraform.io/hashicorp/aws\"]",
      "instances": [
        {
          "schema_version": 0,
          "attributes": {
            "acceleration_status": "",
            "acl": null,
            "arn": "arn:aws:s3:::fil-rouge-samad-bucket-v2-20250122",
            "bucket": "fil-rouge-samad-bucket-v2-20250122",
            "bucket_domain_name": "fil-rouge-samad-bucket-v2-20250122.s3.amazonaws.com",
            "bucket_prefix": "",
            "bucket_region": "eu-west-1",
            "bucket_regional_domain_name": "fil-rouge-samad-bucket-v2-20250122.s3.eu-west-1.amazonaws.com",
            "cors_rule": [],
            "force_destroy": false,
            "grant": [
              {
                "id": "9ba410711952dc00cc6d7122b1c0b5c04a9d03145ecd0af27859847bbfd60494",
                "permissions": [
                  "FULL_CONTROL"
                ],
                "type": "CanonicalUser",
                "uri": ""
              }
            ],
            "hosted_zone_id": "Z1BKCTXD74EZPE",
            "id": "fil-rouge-samad-bucket-v2-20250122",
            "lifecycle_rule": [],
            "logging": [],
            "object_lock_configuration": [],
            "object_lock_enabled": false,
            "policy": "{\"Statement\":[{\"Action\":\"s3:GetObject\",\"Effect\":\"Allow\",\"Principal\":\"*\",\"Resource\":\"arn:aws:s3:::fil-rouge-samad-bucket-v2-20250122/*\",\"Sid\":\"PublicReadGetObject\"}],\"Version\":\"2012-10-17\"}",
            "region": "eu-west-1",
            "replication_configuration": [],
            "request_payer": "BucketOwner",
            "server_side_encryption_configuration": [
              {
                "rule": [
                  {
                    "apply_server_side_encryption_by_default": [
                      {
                        "kms_master_key_id": "",
                        "sse_algorithm": "AES256"
                      }
                    ],
                    "bucket_key_enabled": false
                  }
                ]
              }
            ],
            "tags": {
              "Environment": "dev",
              "Project": "fil-rouge"
            },
            "tags_all": {
              "Environment": "dev",
              "Project": "fil-rouge"
            },
            "timeouts": null,
            "versioning": [
              {
                "enabled": false,
                "mfa_delete": false
              }
            ],
            "website": [
              {
                "error_document": "index.html",
                "index_document": "index.html",
                "redirect_all_requests_to": "",
                "routing_rules": ""
              }
            ],
            "website_domain": "s3-website-eu-west-1.amazonaws.com",
            "website_endpoint": "fil-rouge-samad-bucket-v2-20250122.s3-website-eu-west-1.amazonaws.com"
          },
          "sensitive_attributes": [],
          "identity_schema_version": 0,
          "identity": {
            "account_id": "863518443204",
            "bucket": "fil-rouge-samad-bucket-v2-20250122",
            "region": "eu-west-1"
          },
          "private": "eyJlMmJmYjczMC1lY2FhLTExZTYtOGY4OC0zNDM2M2JjN2M0YzAiOnsiY3JlYXRlIjoxMjAwMDAwMDAwMDAwLCJkZWxldGUiOjM2MDAwMDAwMDAwMDAsInJlYWQiOjEyMDAwMDAwMDAwMDAsInVwZGF0ZSI6MTIwMDAwMDAwMDAwMH19"
        }
      ]
    },
    {
      "mode": "managed",
      "type": "aws_s3_bucket_policy",
      "name": "frontend_policy",
      "provider": "provider[\"registry.terraform.io/hashicorp/aws\"]",
      "instances": [
        {
          "schema_version": 0,
          "attributes": {
            "bucket": "fil-rouge-samad-bucket-v2-20250122",
            "id": "fil-rouge-samad-bucket-v2-20250122",
            "policy": "{\"Statement\":[{\"Action\":\"s3:GetObject\",\"Effect\":\"Allow\",\"Principal\":\"*\",\"Resource\":\"arn:aws:s3:::fil-rouge-samad-bucket-v2-20250122/*\",\"Sid\":\"PublicReadGetObject\"}],\"Version\":\"2012-10-17\"}",
            "region": "eu-west-1"
          },
          "sensitive_attributes": [],
          "identity_schema_version": 0,
          "private": "bnVsbA==",
          "dependencies": [
            "aws_s3_bucket.fil_rouge_bucket",
            "aws_s3_bucket_public_access_block.frontend_pab"
          ]
        }
      ]
    },
    {
      "mode": "managed",
      "type": "aws_s3_bucket_public_access_block",
      "name": "frontend_pab",
      "provider": "provider[\"registry.terraform.io/hashicorp/aws\"]",
      "instances": [
        {
          "schema_version": 0,
          "attributes": {
            "block_public_acls": false,
            "block_public_policy": false,
            "bucket": "fil-rouge-samad-bucket-v2-20250122",
            "id": "fil-rouge-samad-bucket-v2-20250122",
            "ignore_public_acls": false,
            "region": "eu-west-1",
            "restrict_public_buckets": false,
            "skip_destroy": null
          },
          "sensitive_attributes": [],
          "identity_schema_version": 0,
          "private": "bnVsbA==",
          "dependencies": [
            "aws_s3_bucket.fil_rouge_bucket"
          ]
        }
      ]
    },
    {
      "mode": "managed",
      "type": "aws_s3_bucket_website_configuration",
      "name": "frontend_website",
      "provider": "provider[\"registry.terraform.io/hashicorp/aws\"]",
      "instances": [
        {
          "schema_version": 0,
          "attributes": {
            "bucket": "fil-rouge-samad-bucket-v2-20250122",
            "error_document": [
              {
                "key": "index.html"
              }
            ],
            "expected_bucket_owner": "",
            "id": "fil-rouge-samad-bucket-v2-20250122",
            "index_document": [
              {
                "suffix": "index.html"
              }
            ],
            "redirect_all_requests_to": [],
            "region": "eu-west-1",
            "routing_rule": [],
            "routing_rules": "",
            "website_domain": "s3-website-eu-west-1.amazonaws.com",
            "website_endpoint": "fil-rouge-samad-bucket-v2-20250122.s3-website-eu-west-1.amazonaws.com"
          },
          "sensitive_attributes": [],
          "identity_schema_version": 0,
          "private": "bnVsbA==",
          "dependencies": [
            "aws_s3_bucket.fil_rouge_bucket"
          ]
        }
      ]
    }
  ],
  "check_results": null
}
